{
  "requires": true,
  "lockfileVersion": 1,
  "dependencies": {
    "rxjs": {
      "version": "6.5.4",
      "resolved": "http://registry.npm.pt.mi.com/rxjs/download/rxjs-6.5.4.tgz",
      "integrity": "sha1-4Hd/4NGEzseHLfFH8wNXLUFOIRw=",
      "requires": {
        "tslib": "^1.9.0"
      }
    },
    "tslib": {
      "version": "1.11.0",
      "resolved": "http://registry.npm.pt.mi.com/tslib/download/tslib-1.11.0.tgz",
      "integrity": "sha1-8fNSgwFiGlMiDVg3OuUQ/3R6Zrw="
    }
  }
}
